speakeasyVersion: 1.559.0
sources:
    Friendli-API-Schema:
        sourceNamespace: friendli-api-schema
        sourceRevisionDigest: sha256:2f841a9b045c99b6b820d1f7aed29aaee7dc205477004a2e87eb3f68cb267a8f
        sourceBlobDigest: sha256:19dff4ab156ad9dafd7df7230660ac76f701a5af17e5fb9f50d5ffd5e29addac
        tags:
            - latest
            - speakeasy-sdk-regen-1749596799
targets:
    friendli:
        source: Friendli-API-Schema
        sourceNamespace: friendli-api-schema
        sourceRevisionDigest: sha256:2f841a9b045c99b6b820d1f7aed29aaee7dc205477004a2e87eb3f68cb267a8f
        sourceBlobDigest: sha256:19dff4ab156ad9dafd7df7230660ac76f701a5af17e5fb9f50d5ffd5e29addac
        codeSamplesNamespace: friendli-api-schema-code-samples
        codeSamplesRevisionDigest: sha256:d6edee8465ac3efb9d40d64017262a81fdd7e962d403c284d31934300635e749
workflow:
    workflowVersion: 1.0.0
    speakeasyVersion: latest
    sources:
        Friendli-API-Schema:
            inputs:
                - location: registry.speakeasyapi.dev/friendliai/friendliai/friendli-api-schema
            transformations:
                - cleanup: true
    targets:
        friendli:
            target: python
            source: Friendli-API-Schema
            publish:
                pypi:
                    token: $pypi_token
            codeSamples:
                registry:
                    location: registry.speakeasyapi.dev/friendliai/friendliai/friendli-api-schema-code-samples
                blocking: false
