speakeasyVersion: 1.517.3
sources:
    Friendli-API-Schema:
        sourceNamespace: friendli-api-schema
        sourceRevisionDigest: sha256:2a769cea8abb93efd02b2c5bfcccf6bd690ddfbd9d5bda2184c2bd54df40cfb0
        sourceBlobDigest: sha256:8a23f52193709f8f36ee1f4788d9b92e1862e51f1252e3edc91acb396f3a752f
        tags:
            - latest
            - speakeasy-sdk-regen-1741924776
targets:
    friendli:
        source: Friendli-API-Schema
        sourceNamespace: friendli-api-schema
        sourceRevisionDigest: sha256:2a769cea8abb93efd02b2c5bfcccf6bd690ddfbd9d5bda2184c2bd54df40cfb0
        sourceBlobDigest: sha256:8a23f52193709f8f36ee1f4788d9b92e1862e51f1252e3edc91acb396f3a752f
        codeSamplesNamespace: friendli-api-schema-code-samples
        codeSamplesRevisionDigest: sha256:bd1be131e3a010218f4ebec6a659fe06f924af4eb92c1c630de974941e0bb58c
workflow:
    workflowVersion: 1.0.0
    speakeasyVersion: latest
    sources:
        Friendli-API-Schema:
            inputs:
                - location: registry.speakeasyapi.dev/friendliai/friendliai/friendli-api-schema
            transformations:
                - cleanup: true
    targets:
        friendli:
            target: python
            source: Friendli-API-Schema
            publish:
                pypi:
                    token: $pypi_token
            codeSamples:
                registry:
                    location: registry.speakeasyapi.dev/friendliai/friendliai/friendli-api-schema-code-samples
                blocking: false
