speakeasyVersion: 1.456.1
sources:
    Friendli-API-Schema:
        sourceNamespace: friendli-api-schema
        sourceRevisionDigest: sha256:f000b71e2c7ea3373032968f5d9da2b21507acd6b46124efd8795fa8f5a25f5c
        sourceBlobDigest: sha256:ed9d9847acaac149bfbaad3f35c33b7f6e670ae473c8fa09151dac2bf5a81207
        tags:
            - latest
            - speakeasy-sdk-regen-1734680754
targets:
    friendli:
        source: Friendli-API-Schema
        sourceNamespace: friendli-api-schema
        sourceRevisionDigest: sha256:f000b71e2c7ea3373032968f5d9da2b21507acd6b46124efd8795fa8f5a25f5c
        sourceBlobDigest: sha256:ed9d9847acaac149bfbaad3f35c33b7f6e670ae473c8fa09151dac2bf5a81207
        codeSamplesNamespace: friendli-api-schema-code-samples
        codeSamplesRevisionDigest: sha256:5d65abcef57facfc7b1d4d2ee159b50a8fcc729617e8b9e049328e184766b850
workflow:
    workflowVersion: 1.0.0
    speakeasyVersion: latest
    sources:
        Friendli-API-Schema:
            inputs:
                - location: registry.speakeasyapi.dev/friendliai/friendliai/friendli-api-schema
            transformations:
                - cleanup: true
    targets:
        friendli:
            target: python
            source: Friendli-API-Schema
            publish:
                pypi:
                    token: $pypi_token
            codeSamples:
                registry:
                    location: registry.speakeasyapi.dev/friendliai/friendliai/friendli-api-schema-code-samples
                blocking: false
